
Microsoft Visual Studio Solution File, Format Version 12.00
# Visual Studio Version 17
VisualStudioVersion = 17.1.32328.378
MinimumVisualStudioVersion = 10.0.40219.1
Project("{FAE04EC0-301F-11D3-BF4B-00C04F79EFBC}") = "Debug", "Debug\Debug.csproj", "{92EAFA2A-A558-4ED7-BE90-CFC1CE1A975D}"
EndProject
Global
	GlobalSection(SolutionConfigurationPlatforms) = preSolution
		Debug|Any CPU = Debug|Any CPU
		Release|Any CPU = Release|Any CPU
	EndGlobalSection
	GlobalSection(ProjectConfigurationPlatforms) = postSolution
		{92EAFA2A-A558-4ED7-BE90-CFC1CE1A975D}.Debug|Any CPU.ActiveCfg = Debug|Any CPU
		{92EAFA2A-A558-4ED7-BE90-CFC1CE1A975D}.Debug|Any CPU.Build.0 = Debug|Any CPU
		{92EAFA2A-A558-4ED7-BE90-CFC1CE1A975D}.Release|Any CPU.ActiveCfg = Release|Any CPU
		{92EAFA2A-A558-4ED7-BE90-CFC1CE1A975D}.Release|Any CPU.Build.0 = Release|Any CPU
	EndGlobalSection
	GlobalSection(SolutionProperties) = preSolution
		HideSolutionNode = FALSE
	EndGlobalSection
	GlobalSection(ExtensibilityGlobals) = postSolution
		SolutionGuid = {C345DD79-6615-43F4-8566-1337F0FCA852}
	EndGlobalSection
EndGlobal
