
Microsoft Visual Studio Solution File, Format Version 12.00
# Visual Studio Version 17
VisualStudioVersion = 17.1.32328.378
MinimumVisualStudioVersion = 10.0.40219.1
Project("{FAE04EC0-301F-11D3-BF4B-00C04F79EFBC}") = "task_22", "task_22\task_22.csproj", "{34EA70BD-6D15-4D32-859C-3DFF9B35CCB9}"
EndProject
Global
	GlobalSection(SolutionConfigurationPlatforms) = preSolution
		Debug|Any CPU = Debug|Any CPU
		Release|Any CPU = Release|Any CPU
	EndGlobalSection
	GlobalSection(ProjectConfigurationPlatforms) = postSolution
		{34EA70BD-6D15-4D32-859C-3DFF9B35CCB9}.Debug|Any CPU.ActiveCfg = Debug|Any CPU
		{34EA70BD-6D15-4D32-859C-3DFF9B35CCB9}.Debug|Any CPU.Build.0 = Debug|Any CPU
		{34EA70BD-6D15-4D32-859C-3DFF9B35CCB9}.Release|Any CPU.ActiveCfg = Release|Any CPU
		{34EA70BD-6D15-4D32-859C-3DFF9B35CCB9}.Release|Any CPU.Build.0 = Release|Any CPU
	EndGlobalSection
	GlobalSection(SolutionProperties) = preSolution
		HideSolutionNode = FALSE
	EndGlobalSection
	GlobalSection(ExtensibilityGlobals) = postSolution
		SolutionGuid = {0B09204E-5624-44CE-8917-8FF5E5356E5D}
	EndGlobalSection
EndGlobal
