
Microsoft Visual Studio Solution File, Format Version 12.00
# Visual Studio Version 17
VisualStudioVersion = 17.1.32328.378
MinimumVisualStudioVersion = 10.0.40219.1
Project("{FAE04EC0-301F-11D3-BF4B-00C04F79EFBC}") = "Task_27", "Task_27\Task_27.csproj", "{B40C7B18-4C77-475B-924E-2C29B5502AD1}"
EndProject
Global
	GlobalSection(SolutionConfigurationPlatforms) = preSolution
		Debug|Any CPU = Debug|Any CPU
		Release|Any CPU = Release|Any CPU
	EndGlobalSection
	GlobalSection(ProjectConfigurationPlatforms) = postSolution
		{B40C7B18-4C77-475B-924E-2C29B5502AD1}.Debug|Any CPU.ActiveCfg = Debug|Any CPU
		{B40C7B18-4C77-475B-924E-2C29B5502AD1}.Debug|Any CPU.Build.0 = Debug|Any CPU
		{B40C7B18-4C77-475B-924E-2C29B5502AD1}.Release|Any CPU.ActiveCfg = Release|Any CPU
		{B40C7B18-4C77-475B-924E-2C29B5502AD1}.Release|Any CPU.Build.0 = Release|Any CPU
	EndGlobalSection
	GlobalSection(SolutionProperties) = preSolution
		HideSolutionNode = FALSE
	EndGlobalSection
	GlobalSection(ExtensibilityGlobals) = postSolution
		SolutionGuid = {0D58A77D-91DD-47FC-B356-A055DCFF7045}
	EndGlobalSection
EndGlobal
