
Microsoft Visual Studio Solution File, Format Version 12.00
# Visual Studio Version 17
VisualStudioVersion = 17.1.32328.378
MinimumVisualStudioVersion = 10.0.40219.1
Project("{FAE04EC0-301F-11D3-BF4B-00C04F79EFBC}") = "task21", "task21\task21.csproj", "{FC98B011-0CAA-42F3-8DC8-0C0F15C5804C}"
EndProject
Global
	GlobalSection(SolutionConfigurationPlatforms) = preSolution
		Debug|Any CPU = Debug|Any CPU
		Release|Any CPU = Release|Any CPU
	EndGlobalSection
	GlobalSection(ProjectConfigurationPlatforms) = postSolution
		{FC98B011-0CAA-42F3-8DC8-0C0F15C5804C}.Debug|Any CPU.ActiveCfg = Debug|Any CPU
		{FC98B011-0CAA-42F3-8DC8-0C0F15C5804C}.Debug|Any CPU.Build.0 = Debug|Any CPU
		{FC98B011-0CAA-42F3-8DC8-0C0F15C5804C}.Release|Any CPU.ActiveCfg = Release|Any CPU
		{FC98B011-0CAA-42F3-8DC8-0C0F15C5804C}.Release|Any CPU.Build.0 = Release|Any CPU
	EndGlobalSection
	GlobalSection(SolutionProperties) = preSolution
		HideSolutionNode = FALSE
	EndGlobalSection
	GlobalSection(ExtensibilityGlobals) = postSolution
		SolutionGuid = {01D6BB56-A343-413B-909A-582E8C9ADA8C}
	EndGlobalSection
EndGlobal
